
Microsoft Visual Studio Solution File, Format Version 12.00
# Visual Studio 2012
Project("{2150E333-8FDC-42A3-9474-1A3956D46DE8}") = "FrontEnd", "FrontEnd", "{08A66D81-C76E-4463-80F9-054C25953AD8}"
EndProject
Project("{2150E333-8FDC-42A3-9474-1A3956D46DE8}") = "BackEnd", "BackEnd", "{1356E3BD-3445-46DD-BB7C-FE32F58D768B}"
EndProject
Project("{2150E333-8FDC-42A3-9474-1A3956D46DE8}") = "Architecture", "Architecture", "{164779F8-4D5F-4CBD-B499-F61CD55C8405}"
EndProject
Project("{2150E333-8FDC-42A3-9474-1A3956D46DE8}") = "Test", "Test", "{73F0A2F6-8B73-44F1-A1DC-17AAA8281ED4}"
EndProject
Project("{FAE04EC0-301F-11D3-BF4B-00C04F79EFBC}") = "SuperCar.Core", "SuperCar.Core\SuperCar.Core.csproj", "{81ADA6A9-BCBC-4951-B905-CC6184F90944}"
EndProject
Project("{F088123C-0E9E-452A-89E6-6BA2F21D5CAC}") = "ModelingProject", "ModelingProject\ModelingProject.modelproj", "{D4E058C9-74BF-4711-B4B7-8E6BA34BEACF}"
EndProject
Project("{FAE04EC0-301F-11D3-BF4B-00C04F79EFBC}") = "View", "..\..\..\..\..\Desktop\Proyectos\Racing Car\View\View.csproj", "{27A765EE-22E7-4CA9-AF75-C5E47BDD8E0C}"
EndProject
Global
	GlobalSection(SolutionConfigurationPlatforms) = preSolution
		Debug|Any CPU = Debug|Any CPU
		Release|Any CPU = Release|Any CPU
	EndGlobalSection
	GlobalSection(ProjectConfigurationPlatforms) = postSolution
		{81ADA6A9-BCBC-4951-B905-CC6184F90944}.Debug|Any CPU.ActiveCfg = Debug|Any CPU
		{81ADA6A9-BCBC-4951-B905-CC6184F90944}.Debug|Any CPU.Build.0 = Debug|Any CPU
		{81ADA6A9-BCBC-4951-B905-CC6184F90944}.Release|Any CPU.ActiveCfg = Release|Any CPU
		{81ADA6A9-BCBC-4951-B905-CC6184F90944}.Release|Any CPU.Build.0 = Release|Any CPU
		{D4E058C9-74BF-4711-B4B7-8E6BA34BEACF}.Debug|Any CPU.ActiveCfg = Debug|Any CPU
		{D4E058C9-74BF-4711-B4B7-8E6BA34BEACF}.Debug|Any CPU.Build.0 = Debug|Any CPU
		{D4E058C9-74BF-4711-B4B7-8E6BA34BEACF}.Release|Any CPU.ActiveCfg = Release|Any CPU
		{D4E058C9-74BF-4711-B4B7-8E6BA34BEACF}.Release|Any CPU.Build.0 = Release|Any CPU
		{27A765EE-22E7-4CA9-AF75-C5E47BDD8E0C}.Debug|Any CPU.ActiveCfg = Debug|Any CPU
		{27A765EE-22E7-4CA9-AF75-C5E47BDD8E0C}.Debug|Any CPU.Build.0 = Debug|Any CPU
		{27A765EE-22E7-4CA9-AF75-C5E47BDD8E0C}.Release|Any CPU.ActiveCfg = Release|Any CPU
		{27A765EE-22E7-4CA9-AF75-C5E47BDD8E0C}.Release|Any CPU.Build.0 = Release|Any CPU
	EndGlobalSection
	GlobalSection(SolutionProperties) = preSolution
		HideSolutionNode = FALSE
	EndGlobalSection
	GlobalSection(NestedProjects) = preSolution
		{81ADA6A9-BCBC-4951-B905-CC6184F90944} = {1356E3BD-3445-46DD-BB7C-FE32F58D768B}
		{D4E058C9-74BF-4711-B4B7-8E6BA34BEACF} = {164779F8-4D5F-4CBD-B499-F61CD55C8405}
	EndGlobalSection
EndGlobal
